Microsoft Visual Studio Solution File, Format Version 11.00
# Visual Studio 2008

Project("{9B611B71-9A9E-7E8E-A523-8D91F9BFE6CB}") = "Step2_AddingAnimation1", "Assembly-CSharp.csproj", "{B6A81100-A4BC-3608-4B96-55341B636AF4}"
EndProject
Global
	GlobalSection(SolutionConfigurationPlatforms) = preSolution
		Debug|Any CPU = Debug|Any CPU
		Release|Any CPU = Release|Any CPU
	EndGlobalSection
	GlobalSection(ProjectConfigurationPlatforms) = postSolution
		{B6A81100-A4BC-3608-4B96-55341B636AF4}.Debug|Any CPU.ActiveCfg = Debug|Any CPU
		{B6A81100-A4BC-3608-4B96-55341B636AF4}.Debug|Any CPU.Build.0 = Debug|Any CPU
		{B6A81100-A4BC-3608-4B96-55341B636AF4}.Release|Any CPU.ActiveCfg = Release|Any CPU
		{B6A81100-A4BC-3608-4B96-55341B636AF4}.Release|Any CPU.Build.0 = Release|Any CPU
	EndGlobalSection
	GlobalSection(SolutionProperties) = preSolution
		HideSolutionNode = FALSE
	EndGlobalSection
	GlobalSection(MonoDevelopProperties) = preSolution
		StartupItem = Assembly-CSharp.csproj
	EndGlobalSection
EndGlobal
