Microsoft Visual Studio Solution File, Format Version 11.00
# Visual Studio 2008

Project("{9F365149-1705-AAA4-5F2A-62513C396FD7}") = "Step3_ComeTogether", "Assembly-CSharp.csproj", "{D10CDBD4-5697-78F5-434C-F6D272CA4B67}"
EndProject
Global
	GlobalSection(SolutionConfigurationPlatforms) = preSolution
		Debug|Any CPU = Debug|Any CPU
		Release|Any CPU = Release|Any CPU
	EndGlobalSection
	GlobalSection(ProjectConfigurationPlatforms) = postSolution
		{D10CDBD4-5697-78F5-434C-F6D272CA4B67}.Debug|Any CPU.ActiveCfg = Debug|Any CPU
		{D10CDBD4-5697-78F5-434C-F6D272CA4B67}.Debug|Any CPU.Build.0 = Debug|Any CPU
		{D10CDBD4-5697-78F5-434C-F6D272CA4B67}.Release|Any CPU.ActiveCfg = Release|Any CPU
		{D10CDBD4-5697-78F5-434C-F6D272CA4B67}.Release|Any CPU.Build.0 = Release|Any CPU
	EndGlobalSection
	GlobalSection(SolutionProperties) = preSolution
		HideSolutionNode = FALSE
	EndGlobalSection
	GlobalSection(MonoDevelopProperties) = preSolution
		StartupItem = Assembly-CSharp.csproj
	EndGlobalSection
EndGlobal
