Microsoft Visual Studio Solution File, Format Version 11.00
# Visual Studio 2008

Project("{67D2BF69-4056-06A5-363E-2D42C2C229E9}") = "Step2_AddingAnimation1.2", "Assembly-CSharp.csproj", "{5564DB02-18AC-C59E-97F8-BD1606323419}"
EndProject
Global
	GlobalSection(SolutionConfigurationPlatforms) = preSolution
		Debug|Any CPU = Debug|Any CPU
		Release|Any CPU = Release|Any CPU
	EndGlobalSection
	GlobalSection(ProjectConfigurationPlatforms) = postSolution
		{5564DB02-18AC-C59E-97F8-BD1606323419}.Debug|Any CPU.ActiveCfg = Debug|Any CPU
		{5564DB02-18AC-C59E-97F8-BD1606323419}.Debug|Any CPU.Build.0 = Debug|Any CPU
		{5564DB02-18AC-C59E-97F8-BD1606323419}.Release|Any CPU.ActiveCfg = Release|Any CPU
		{5564DB02-18AC-C59E-97F8-BD1606323419}.Release|Any CPU.Build.0 = Release|Any CPU
	EndGlobalSection
	GlobalSection(SolutionProperties) = preSolution
		HideSolutionNode = FALSE
	EndGlobalSection
	GlobalSection(MonoDevelopProperties) = preSolution
		StartupItem = Assembly-CSharp.csproj
	EndGlobalSection
EndGlobal
